
Microsoft Visual Studio Solution File, Format Version 12.00
# Visual Studio Version 16
VisualStudioVersion = 16.0.30011.22
MinimumVisualStudioVersion = 10.0.40219.1
Project("{FAE04EC0-301F-11D3-BF4B-00C04F79EFBC}") = "MallMembership", "MallMembership\MallMembership.csproj", "{4D1195F7-72EC-4662-9083-86CDA083074E}"
EndProject
Project("{9A19103F-16F7-4668-BE54-9A1E7A4F7556}") = "MallMembership.Entities", "MallMembership.Entities\MallMembership.Entities.csproj", "{7AA92502-9D15-46E2-9231-FA27E6C09D65}"
EndProject
Project("{9A19103F-16F7-4668-BE54-9A1E7A4F7556}") = "MallMembership.BusinessLayer", "MallMembership.BusinessLayer\MallMembership.BusinessLayer.csproj", "{8485773F-4A98-4413-BDD1-85A9C0ED8424}"
EndProject
Project("{9A19103F-16F7-4668-BE54-9A1E7A4F7556}") = "MallMemebership.DataLayer", "MallMemebership.DataLayer\MallMemebership.DataLayer.csproj", "{5D8CF773-B597-4A61-A707-A5EE110A9C19}"
EndProject
Project("{FAE04EC0-301F-11D3-BF4B-00C04F79EFBC}") = "MallMembership.UnitTests", "MallMembership.UnitTests\MallMembership.UnitTests.csproj", "{BC209AE6-19EB-45B4-8B59-B69560166376}"
EndProject
Global
	GlobalSection(SolutionConfigurationPlatforms) = preSolution
		Debug|Any CPU = Debug|Any CPU
		Release|Any CPU = Release|Any CPU
	EndGlobalSection
	GlobalSection(ProjectConfigurationPlatforms) = postSolution
		{4D1195F7-72EC-4662-9083-86CDA083074E}.Debug|Any CPU.ActiveCfg = Debug|Any CPU
		{4D1195F7-72EC-4662-9083-86CDA083074E}.Debug|Any CPU.Build.0 = Debug|Any CPU
		{4D1195F7-72EC-4662-9083-86CDA083074E}.Release|Any CPU.ActiveCfg = Release|Any CPU
		{4D1195F7-72EC-4662-9083-86CDA083074E}.Release|Any CPU.Build.0 = Release|Any CPU
		{7AA92502-9D15-46E2-9231-FA27E6C09D65}.Debug|Any CPU.ActiveCfg = Debug|Any CPU
		{7AA92502-9D15-46E2-9231-FA27E6C09D65}.Debug|Any CPU.Build.0 = Debug|Any CPU
		{7AA92502-9D15-46E2-9231-FA27E6C09D65}.Release|Any CPU.ActiveCfg = Release|Any CPU
		{7AA92502-9D15-46E2-9231-FA27E6C09D65}.Release|Any CPU.Build.0 = Release|Any CPU
		{8485773F-4A98-4413-BDD1-85A9C0ED8424}.Debug|Any CPU.ActiveCfg = Debug|Any CPU
		{8485773F-4A98-4413-BDD1-85A9C0ED8424}.Debug|Any CPU.Build.0 = Debug|Any CPU
		{8485773F-4A98-4413-BDD1-85A9C0ED8424}.Release|Any CPU.ActiveCfg = Release|Any CPU
		{8485773F-4A98-4413-BDD1-85A9C0ED8424}.Release|Any CPU.Build.0 = Release|Any CPU
		{5D8CF773-B597-4A61-A707-A5EE110A9C19}.Debug|Any CPU.ActiveCfg = Debug|Any CPU
		{5D8CF773-B597-4A61-A707-A5EE110A9C19}.Debug|Any CPU.Build.0 = Debug|Any CPU
		{5D8CF773-B597-4A61-A707-A5EE110A9C19}.Release|Any CPU.ActiveCfg = Release|Any CPU
		{5D8CF773-B597-4A61-A707-A5EE110A9C19}.Release|Any CPU.Build.0 = Release|Any CPU
		{BC209AE6-19EB-45B4-8B59-B69560166376}.Debug|Any CPU.ActiveCfg = Debug|Any CPU
		{BC209AE6-19EB-45B4-8B59-B69560166376}.Debug|Any CPU.Build.0 = Debug|Any CPU
		{BC209AE6-19EB-45B4-8B59-B69560166376}.Release|Any CPU.ActiveCfg = Release|Any CPU
		{BC209AE6-19EB-45B4-8B59-B69560166376}.Release|Any CPU.Build.0 = Release|Any CPU
	EndGlobalSection
	GlobalSection(SolutionProperties) = preSolution
		HideSolutionNode = FALSE
	EndGlobalSection
	GlobalSection(ExtensibilityGlobals) = postSolution
		SolutionGuid = {433966D9-9AFD-49CC-8BA9-6DB63A17BBF2}
	EndGlobalSection
EndGlobal
